// !$*UTF8*$!
{
	archiveVersion = 1;
	classes = {
	};
	objectVersion = 50;
	objects = {

/* Begin PBXBuildFile section */
		8AAC47BDEE66BB8C6BEFB74B /* Pods_RxReader.framework in Frameworks */ = {isa = PBXBuildFile; fileRef = 32D107CE6B2B443B02E4EC60 /* Pods_RxReader.framework */; };
		D5CDEB432206B315008A14DF /* AppDelegate.swift in Sources */ = {isa = PBXBuildFile; fileRef = D5CDEB422206B315008A14DF /* AppDelegate.swift */; };
		D5CDEB452206B315008A14DF /* ViewController.swift in Sources */ = {isa = PBXBuildFile; fileRef = D5CDEB442206B315008A14DF /* ViewController.swift */; };
		D5CDEB482206B315008A14DF /* Main.storyboard in Resources */ = {isa = PBXBuildFile; fileRef = D5CDEB462206B315008A14DF /* Main.storyboard */; };
		D5CDEB4A2206B318008A14DF /* Assets.xcassets in Resources */ = {isa = PBXBuildFile; fileRef = D5CDEB492206B318008A14DF /* Assets.xcassets */; };
		D5CDEB4D2206B318008A14DF /* LaunchScreen.storyboard in Resources */ = {isa = PBXBuildFile; fileRef = D5CDEB4B2206B318008A14DF /* LaunchScreen.storyboard */; };
		D5CDEB582206B318008A14DF /* RxReaderTests.swift in Sources */ = {isa = PBXBuildFile; fileRef = D5CDEB572206B318008A14DF /* RxReaderTests.swift */; };
		D5CDEB632206B318008A14DF /* RxReaderUITests.swift in Sources */ = {isa = PBXBuildFile; fileRef = D5CDEB622206B318008A14DF /* RxReaderUITests.swift */; };
		E823DD0A8DCE396E6909A9E6 /* Pods_RxReaderTests.framework in Frameworks */ = {isa = PBXBuildFile; fileRef = 02B8ACFFC39ED6D4DA0DB34D /* Pods_RxReaderTests.framework */; };
		F895260D3A202C8CEBF3A3BA /* Pods_RxReaderUITests.framework in Frameworks */ = {isa = PBXBuildFile; fileRef = 5F6361CA400A6DE30E3B62BB /* Pods_RxReaderUITests.framework */; };
/* End PBXBuildFile section */

/* Begin PBXContainerItemProxy section */
		D5CDEB542206B318008A14DF /* PBXContainerItemProxy */ = {
			isa = PBXContainerItemProxy;
			containerPortal = D5CDEB372206B315008A14DF /* Project object */;
			proxyType = 1;
			remoteGlobalIDString = D5CDEB3E2206B315008A14DF;
			remoteInfo = RxReader;
		};
		D5CDEB5F2206B318008A14DF /* PBXContainerItemProxy */ = {
			isa = PBXContainerItemProxy;
			containerPortal = D5CDEB372206B315008A14DF /* Project object */;
			proxyType = 1;
			remoteGlobalIDString = D5CDEB3E2206B315008A14DF;
			remoteInfo = RxReader;
		};
/* End PBXContainerItemProxy section */

/* Begin PBXFileReference section */
		0102EB06A6E82CC55C1BD37A /* Pods-RxReaderTests.release.xcconfig */ = {isa = PBXFileReference; includeInIndex = 1; lastKnownFileType = text.xcconfig; name = "Pods-RxReaderTests.release.xcconfig"; path = "Pods/Target Support Files/Pods-RxReaderTests/Pods-RxReaderTests.release.xcconfig"; sourceTree = "<group>"; };
		02B8ACFFC39ED6D4DA0DB34D /* Pods_RxReaderTests.framework */ = {isa = PBXFileReference; explicitFileType = wrapper.framework; includeInIndex = 0; path = Pods_RxReaderTests.framework; sourceTree = BUILT_PRODUCTS_DIR; };
		29DA8D087D27069DDBB4B5ED /* Pods-RxReaderTests.debug.xcconfig */ = {isa = PBXFileReference; includeInIndex = 1; lastKnownFileType = text.xcconfig; name = "Pods-RxReaderTests.debug.xcconfig"; path = "Pods/Target Support Files/Pods-RxReaderTests/Pods-RxReaderTests.debug.xcconfig"; sourceTree = "<group>"; };
		32D107CE6B2B443B02E4EC60 /* Pods_RxReader.framework */ = {isa = PBXFileReference; explicitFileType = wrapper.framework; includeInIndex = 0; path = Pods_RxReader.framework; sourceTree = BUILT_PRODUCTS_DIR; };
		5F6361CA400A6DE30E3B62BB /* Pods_RxReaderUITests.framework */ = {isa = PBXFileReference; explicitFileType = wrapper.framework; includeInIndex = 0; path = Pods_RxReaderUITests.framework; sourceTree = BUILT_PRODUCTS_DIR; };
		884ACF0DE242DB56C290C09E /* Pods-RxReader.debug.xcconfig */ = {isa = PBXFileReference; includeInIndex = 1; lastKnownFileType = text.xcconfig; name = "Pods-RxReader.debug.xcconfig"; path = "Pods/Target Support Files/Pods-RxReader/Pods-RxReader.debug.xcconfig"; sourceTree = "<group>"; };
		A0322352A52673D8A2F38243 /* Pods-RxReaderUITests.debug.xcconfig */ = {isa = PBXFileReference; includeInIndex = 1; lastKnownFileType = text.xcconfig; name = "Pods-RxReaderUITests.debug.xcconfig"; path = "Pods/Target Support Files/Pods-RxReaderUITests/Pods-RxReaderUITests.debug.xcconfig"; sourceTree = "<group>"; };
		D5CDEB3F2206B315008A14DF /* RxReader.app */ = {isa = PBXFileReference; explicitFileType = wrapper.application; includeInIndex = 0; path = RxReader.app; sourceTree = BUILT_PRODUCTS_DIR; };
		D5CDEB422206B315008A14DF /* AppDelegate.swift */ = {isa = PBXFileReference; lastKnownFileType = sourcecode.swift; path = AppDelegate.swift; sourceTree = "<group>"; };
		D5CDEB442206B315008A14DF /* ViewController.swift */ = {isa = PBXFileReference; lastKnownFileType = sourcecode.swift; path = ViewController.swift; sourceTree = "<group>"; };
		D5CDEB472206B315008A14DF /* Base */ = {isa = PBXFileReference; lastKnownFileType = file.storyboard; name = Base; path = Base.lproj/Main.storyboard; sourceTree = "<group>"; };
		D5CDEB492206B318008A14DF /* Assets.xcassets */ = {isa = PBXFileReference; lastKnownFileType = folder.assetcatalog; path = Assets.xcassets; sourceTree = "<group>"; };
		D5CDEB4C2206B318008A14DF /* Base */ = {isa = PBXFileReference; lastKnownFileType = file.storyboard; name = Base; path = Base.lproj/LaunchScreen.storyboard; sourceTree = "<group>"; };
		D5CDEB4E2206B318008A14DF /* Info.plist */ = {isa = PBXFileReference; lastKnownFileType = text.plist.xml; path = Info.plist; sourceTree = "<group>"; };
		D5CDEB532206B318008A14DF /* RxReaderTests.xctest */ = {isa = PBXFileReference; explicitFileType = wrapper.cfbundle; includeInIndex = 0; path = RxReaderTests.xctest; sourceTree = BUILT_PRODUCTS_DIR; };
		D5CDEB572206B318008A14DF /* RxReaderTests.swift */ = {isa = PBXFileReference; lastKnownFileType = sourcecode.swift; path = RxReaderTests.swift; sourceTree = "<group>"; };
		D5CDEB592206B318008A14DF /* Info.plist */ = {isa = PBXFileReference; lastKnownFileType = text.plist.xml; path = Info.plist; sourceTree = "<group>"; };
		D5CDEB5E2206B318008A14DF /* RxReaderUITests.xctest */ = {isa = PBXFileReference; explicitFileType = wrapper.cfbundle; includeInIndex = 0; path = RxReaderUITests.xctest; sourceTree = BUILT_PRODUCTS_DIR; };
		D5CDEB622206B318008A14DF /* RxReaderUITests.swift */ = {isa = PBXFileReference; lastKnownFileType = sourcecode.swift; path = RxReaderUITests.swift; sourceTree = "<group>"; };
		D5CDEB642206B318008A14DF /* Info.plist */ = {isa = PBXFileReference; lastKnownFileType = text.plist.xml; path = Info.plist; sourceTree = "<group>"; };
		DC571A13F350CEB176389704 /* Pods-RxReaderUITests.release.xcconfig */ = {isa = PBXFileReference; includeInIndex = 1; lastKnownFileType = text.xcconfig; name = "Pods-RxReaderUITests.release.xcconfig"; path = "Pods/Target Support Files/Pods-RxReaderUITests/Pods-RxReaderUITests.release.xcconfig"; sourceTree = "<group>"; };
		FFC9051B9AAD56360AFEB0C3 /* Pods-RxReader.release.xcconfig */ = {isa = PBXFileReference; includeInIndex = 1; lastKnownFileType = text.xcconfig; name = "Pods-RxReader.release.xcconfig"; path = "Pods/Target Support Files/Pods-RxReader/Pods-RxReader.release.xcconfig"; sourceTree = "<group>"; };
/* End PBXFileReference section */

/* Begin PBXFrameworksBuildPhase section */
		D5CDEB3C2206B315008A14DF /* Frameworks */ = {
			isa = PBXFrameworksBuildPhase;
			buildActionMask = 2147483647;
			files = (
				8AAC47BDEE66BB8C6BEFB74B /* Pods_RxReader.framework in Frameworks */,
			);
			runOnlyForDeploymentPostprocessing = 0;
		};
		D5CDEB502206B318008A14DF /* Frameworks */ = {
			isa = PBXFrameworksBuildPhase;
			buildActionMask = 2147483647;
			files = (
				E823DD0A8DCE396E6909A9E6 /* Pods_RxReaderTests.framework in Frameworks */,
			);
			runOnlyForDeploymentPostprocessing = 0;
		};
		D5CDEB5B2206B318008A14DF /* Frameworks */ = {
			isa = PBXFrameworksBuildPhase;
			buildActionMask = 2147483647;
			files = (
				F895260D3A202C8CEBF3A3BA /* Pods_RxReaderUITests.framework in Frameworks */,
			);
			runOnlyForDeploymentPostprocessing = 0;
		};
/* End PBXFrameworksBuildPhase section */

/* Begin PBXGroup section */
		14BAF2FBD3650FB7C66A559C /* Frameworks */ = {
			isa = PBXGroup;
			children = (
				32D107CE6B2B443B02E4EC60 /* Pods_RxReader.framework */,
				02B8ACFFC39ED6D4DA0DB34D /* Pods_RxReaderTests.framework */,
				5F6361CA400A6DE30E3B62BB /* Pods_RxReaderUITests.framework */,
			);
			name = Frameworks;
			sourceTree = "<group>";
		};
		A2079705D19265BFDBF43826 /* Pods */ = {
			isa = PBXGroup;
			children = (
				884ACF0DE242DB56C290C09E /* Pods-RxReader.debug.xcconfig */,
				FFC9051B9AAD56360AFEB0C3 /* Pods-RxReader.release.xcconfig */,
				29DA8D087D27069DDBB4B5ED /* Pods-RxReaderTests.debug.xcconfig */,
				0102EB06A6E82CC55C1BD37A /* Pods-RxReaderTests.release.xcconfig */,
				A0322352A52673D8A2F38243 /* Pods-RxReaderUITests.debug.xcconfig */,
				DC571A13F350CEB176389704 /* Pods-RxReaderUITests.release.xcconfig */,
			);
			name = Pods;
			sourceTree = "<group>";
		};
		D5CDEB362206B315008A14DF = {
			isa = PBXGroup;
			children = (
				D5CDEB412206B315008A14DF /* RxReader */,
				D5CDEB562206B318008A14DF /* RxReaderTests */,
				D5CDEB612206B318008A14DF /* RxReaderUITests */,
				D5CDEB402206B315008A14DF /* Products */,
				A2079705D19265BFDBF43826 /* Pods */,
				14BAF2FBD3650FB7C66A559C /* Frameworks */,
			);
			sourceTree = "<group>";
		};
		D5CDEB402206B315008A14DF /* Products */ = {
			isa = PBXGroup;
			children = (
				D5CDEB3F2206B315008A14DF /* RxReader.app */,
				D5CDEB532206B318008A14DF /* RxReaderTests.xctest */,
				D5CDEB5E2206B318008A14DF /* RxReaderUITests.xctest */,
			);
			name = Products;
			sourceTree = "<group>";
		};
		D5CDEB412206B315008A14DF /* RxReader */ = {
			isa = PBXGroup;
			children = (
				D5CDEB422206B315008A14DF /* AppDelegate.swift */,
				D5CDEB442206B315008A14DF /* ViewController.swift */,
				D5CDEB462206B315008A14DF /* Main.storyboard */,
				D5CDEB492206B318008A14DF /* Assets.xcassets */,
				D5CDEB4B2206B318008A14DF /* LaunchScreen.storyboard */,
				D5CDEB4E2206B318008A14DF /* Info.plist */,
			);
			path = RxReader;
			sourceTree = "<group>";
		};
		D5CDEB562206B318008A14DF /* RxReaderTests */ = {
			isa = PBXGroup;
			children = (
				D5CDEB572206B318008A14DF /* RxReaderTests.swift */,
				D5CDEB592206B318008A14DF /* Info.plist */,
			);
			path = RxReaderTests;
			sourceTree = "<group>";
		};
		D5CDEB612206B318008A14DF /* RxReaderUITests */ = {
			isa = PBXGroup;
			children = (
				D5CDEB622206B318008A14DF /* RxReaderUITests.swift */,
				D5CDEB642206B318008A14DF /* Info.plist */,
			);
			path = RxReaderUITests;
			sourceTree = "<group>";
		};
/* End PBXGroup section */

/* Begin PBXNativeTarget section */
		D5CDEB3E2206B315008A14DF /* RxReader */ = {
			isa = PBXNativeTarget;
			buildConfigurationList = D5CDEB672206B318008A14DF /* Build configuration list for PBXNativeTarget "RxReader" */;
			buildPhases = (
				603708EDC199726553C18D28 /* [CP] Check Pods Manifest.lock */,
				D5CDEB3B2206B315008A14DF /* Sources */,
				D5CDEB3C2206B315008A14DF /* Frameworks */,
				D5CDEB3D2206B315008A14DF /* Resources */,
				93ED84EAA18325E07E469515 /* [CP] Embed Pods Frameworks */,
			);
			buildRules = (
			);
			dependencies = (
			);
			name = RxReader;
			productName = RxReader;
			productReference = D5CDEB3F2206B315008A14DF /* RxReader.app */;
			productType = "com.apple.product-type.application";
		};
		D5CDEB522206B318008A14DF /* RxReaderTests */ = {
			isa = PBXNativeTarget;
			buildConfigurationList = D5CDEB6A2206B318008A14DF /* Build configuration list for PBXNativeTarget "RxReaderTests" */;
			buildPhases = (
				0CFF2C19EF58AFB670F65843 /* [CP] Check Pods Manifest.lock */,
				D5CDEB4F2206B318008A14DF /* Sources */,
				D5CDEB502206B318008A14DF /* Frameworks */,
				D5CDEB512206B318008A14DF /* Resources */,
			);
			buildRules = (
			);
			dependencies = (
				D5CDEB552206B318008A14DF /* PBXTargetDependency */,
			);
			name = RxReaderTests;
			productName = RxReaderTests;
			productReference = D5CDEB532206B318008A14DF /* RxReaderTests.xctest */;
			productType = "com.apple.product-type.bundle.unit-test";
		};
		D5CDEB5D2206B318008A14DF /* RxReaderUITests */ = {
			isa = PBXNativeTarget;
			buildConfigurationList = D5CDEB6D2206B318008A14DF /* Build configuration list for PBXNativeTarget "RxReaderUITests" */;
			buildPhases = (
				A2E98F14246AD943C3585EB7 /* [CP] Check Pods Manifest.lock */,
				D5CDEB5A2206B318008A14DF /* Sources */,
				D5CDEB5B2206B318008A14DF /* Frameworks */,
				D5CDEB5C2206B318008A14DF /* Resources */,
			);
			buildRules = (
			);
			dependencies = (
				D5CDEB602206B318008A14DF /* PBXTargetDependency */,
			);
			name = RxReaderUITests;
			productName = RxReaderUITests;
			productReference = D5CDEB5E2206B318008A14DF /* RxReaderUITests.xctest */;
			productType = "com.apple.product-type.bundle.ui-testing";
		};
/* End PBXNativeTarget section */

/* Begin PBXProject section */
		D5CDEB372206B315008A14DF /* Project object */ = {
			isa = PBXProject;
			attributes = {
				LastSwiftUpdateCheck = 1010;
				LastUpgradeCheck = 1010;
				ORGANIZATIONNAME = Tamaoki;
				TargetAttributes = {
					D5CDEB3E2206B315008A14DF = {
						CreatedOnToolsVersion = 10.1;
					};
					D5CDEB522206B318008A14DF = {
						CreatedOnToolsVersion = 10.1;
						TestTargetID = D5CDEB3E2206B315008A14DF;
					};
					D5CDEB5D2206B318008A14DF = {
						CreatedOnToolsVersion = 10.1;
						TestTargetID = D5CDEB3E2206B315008A14DF;
					};
				};
			};
			buildConfigurationList = D5CDEB3A2206B315008A14DF /* Build configuration list for PBXProject "RxReader" */;
			compatibilityVersion = "Xcode 9.3";
			developmentRegion = en;
			hasScannedForEncodings = 0;
			knownRegions = (
				en,
				Base,
			);
			mainGroup = D5CDEB362206B315008A14DF;
			productRefGroup = D5CDEB402206B315008A14DF /* Products */;
			projectDirPath = "";
			projectRoot = "";
			targets = (
				D5CDEB3E2206B315008A14DF /* RxReader */,
				D5CDEB522206B318008A14DF /* RxReaderTests */,
				D5CDEB5D2206B318008A14DF /* RxReaderUITests */,
			);
		};
/* End PBXProject section */

/* Begin PBXResourcesBuildPhase section */
		D5CDEB3D2206B315008A14DF /* Resources */ = {
			isa = PBXResourcesBuildPhase;
			buildActionMask = 2147483647;
			files = (
				D5CDEB4D2206B318008A14DF /* LaunchScreen.storyboard in Resources */,
				D5CDEB4A2206B318008A14DF /* Assets.xcassets in Resources */,
				D5CDEB482206B315008A14DF /* Main.storyboard in Resources */,
			);
			runOnlyForDeploymentPostprocessing = 0;
		};
		D5CDEB512206B318008A14DF /* Resources */ = {
			isa = PBXResourcesBuildPhase;
			buildActionMask = 2147483647;
			files = (
			);
			runOnlyForDeploymentPostprocessing = 0;
		};
		D5CDEB5C2206B318008A14DF /* Resources */ = {
			isa = PBXResourcesBuildPhase;
			buildActionMask = 2147483647;
			files = (
			);
			runOnlyForDeploymentPostprocessing = 0;
		};
/* End PBXResourcesBuildPhase section */

/* Begin PBXShellScriptBuildPhase section */
		0CFF2C19EF58AFB670F65843 /* [CP] Check Pods Manifest.lock */ = {
			isa = PBXShellScriptBuildPhase;
			buildActionMask = 2147483647;
			files = (
			);
			inputFileListPaths = (
			);
			inputPaths = (
				"${PODS_PODFILE_DIR_PATH}/Podfile.lock",
				"${PODS_ROOT}/Manifest.lock",
			);
			name = "[CP] Check Pods Manifest.lock";
			outputFileListPaths = (
			);
			outputPaths = (
				"$(DERIVED_FILE_DIR)/Pods-RxReaderTests-checkManifestLockResult.txt",
			);
			runOnlyForDeploymentPostprocessing = 0;
			shellPath = /bin/sh;
			shellScript = "diff \"${PODS_PODFILE_DIR_PATH}/Podfile.lock\" \"${PODS_ROOT}/Manifest.lock\" > /dev/null\nif [ $? != 0 ] ; then\n    # print error to STDERR\n    echo \"error: The sandbox is not in sync with the Podfile.lock. Run 'pod install' or update your CocoaPods installation.\" >&2\n    exit 1\nfi\n# This output is used by Xcode 'outputs' to avoid re-running this script phase.\necho \"SUCCESS\" > \"${SCRIPT_OUTPUT_FILE_0}\"\n";
			showEnvVarsInLog = 0;
		};
		603708EDC199726553C18D28 /* [CP] Check Pods Manifest.lock */ = {
			isa = PBXShellScriptBuildPhase;
			buildActionMask = 2147483647;
			files = (
			);
			inputFileListPaths = (
			);
			inputPaths = (
				"${PODS_PODFILE_DIR_PATH}/Podfile.lock",
				"${PODS_ROOT}/Manifest.lock",
			);
			name = "[CP] Check Pods Manifest.lock";
			outputFileListPaths = (
			);
			outputPaths = (
				"$(DERIVED_FILE_DIR)/Pods-RxReader-checkManifestLockResult.txt",
			);
			runOnlyForDeploymentPostprocessing = 0;
			shellPath = /bin/sh;
			shellScript = "diff \"${PODS_PODFILE_DIR_PATH}/Podfile.lock\" \"${PODS_ROOT}/Manifest.lock\" > /dev/null\nif [ $? != 0 ] ; then\n    # print error to STDERR\n    echo \"error: The sandbox is not in sync with the Podfile.lock. Run 'pod install' or update your CocoaPods installation.\" >&2\n    exit 1\nfi\n# This output is used by Xcode 'outputs' to avoid re-running this script phase.\necho \"SUCCESS\" > \"${SCRIPT_OUTPUT_FILE_0}\"\n";
			showEnvVarsInLog = 0;
		};
		93ED84EAA18325E07E469515 /* [CP] Embed Pods Frameworks */ = {
			isa = PBXShellScriptBuildPhase;
			buildActionMask = 2147483647;
			files = (
			);
			inputFileListPaths = (
			);
			inputPaths = (
				"${SRCROOT}/Pods/Target Support Files/Pods-RxReader/Pods-RxReader-frameworks.sh",
				"${BUILT_PRODUCTS_DIR}/RxAtomic/RxAtomic.framework",
				"${BUILT_PRODUCTS_DIR}/RxCocoa/RxCocoa.framework",
				"${BUILT_PRODUCTS_DIR}/RxSwift/RxSwift.framework",
			);
			name = "[CP] Embed Pods Frameworks";
			outputFileListPaths = (
			);
			outputPaths = (
				"${TARGET_BUILD_DIR}/${FRAMEWORKS_FOLDER_PATH}/RxAtomic.framework",
				"${TARGET_BUILD_DIR}/${FRAMEWORKS_FOLDER_PATH}/RxCocoa.framework",
				"${TARGET_BUILD_DIR}/${FRAMEWORKS_FOLDER_PATH}/RxSwift.framework",
			);
			runOnlyForDeploymentPostprocessing = 0;
			shellPath = /bin/sh;
			shellScript = "\"${SRCROOT}/Pods/Target Support Files/Pods-RxReader/Pods-RxReader-frameworks.sh\"\n";
			showEnvVarsInLog = 0;
		};
		A2E98F14246AD943C3585EB7 /* [CP] Check Pods Manifest.lock */ = {
			isa = PBXShellScriptBuildPhase;
			buildActionMask = 2147483647;
			files = (
			);
			inputFileListPaths = (
			);
			inputPaths = (
				"${PODS_PODFILE_DIR_PATH}/Podfile.lock",
				"${PODS_ROOT}/Manifest.lock",
			);
			name = "[CP] Check Pods Manifest.lock";
			outputFileListPaths = (
			);
			outputPaths = (
				"$(DERIVED_FILE_DIR)/Pods-RxReaderUITests-checkManifestLockResult.txt",
			);
			runOnlyForDeploymentPostprocessing = 0;
			shellPath = /bin/sh;
			shellScript = "diff \"${PODS_PODFILE_DIR_PATH}/Podfile.lock\" \"${PODS_ROOT}/Manifest.lock\" > /dev/null\nif [ $? != 0 ] ; then\n    # print error to STDERR\n    echo \"error: The sandbox is not in sync with the Podfile.lock. Run 'pod install' or update your CocoaPods installation.\" >&2\n    exit 1\nfi\n# This output is used by Xcode 'outputs' to avoid re-running this script phase.\necho \"SUCCESS\" > \"${SCRIPT_OUTPUT_FILE_0}\"\n";
			showEnvVarsInLog = 0;
		};
/* End PBXShellScriptBuildPhase section */

/* Begin PBXSourcesBuildPhase section */
		D5CDEB3B2206B315008A14DF /* Sources */ = {
			isa = PBXSourcesBuildPhase;
			buildActionMask = 2147483647;
			files = (
				D5CDEB452206B315008A14DF /* ViewController.swift in Sources */,
				D5CDEB432206B315008A14DF /* AppDelegate.swift in Sources */,
			);
			runOnlyForDeploymentPostprocessing = 0;
		};
		D5CDEB4F2206B318008A14DF /* Sources */ = {
			isa = PBXSourcesBuildPhase;
			buildActionMask = 2147483647;
			files = (
				D5CDEB582206B318008A14DF /* RxReaderTests.swift in Sources */,
			);
			runOnlyForDeploymentPostprocessing = 0;
		};
		D5CDEB5A2206B318008A14DF /* Sources */ = {
			isa = PBXSourcesBuildPhase;
			buildActionMask = 2147483647;
			files = (
				D5CDEB632206B318008A14DF /* RxReaderUITests.swift in Sources */,
			);
			runOnlyForDeploymentPostprocessing = 0;
		};
/* End PBXSourcesBuildPhase section */

/* Begin PBXTargetDependency section */
		D5CDEB552206B318008A14DF /* PBXTargetDependency */ = {
			isa = PBXTargetDependency;
			target = D5CDEB3E2206B315008A14DF /* RxReader */;
			targetProxy = D5CDEB542206B318008A14DF /* PBXContainerItemProxy */;
		};
		D5CDEB602206B318008A14DF /* PBXTargetDependency */ = {
			isa = PBXTargetDependency;
			target = D5CDEB3E2206B315008A14DF /* RxReader */;
			targetProxy = D5CDEB5F2206B318008A14DF /* PBXContainerItemProxy */;
		};
/* End PBXTargetDependency section */

/* Begin PBXVariantGroup section */
		D5CDEB462206B315008A14DF /* Main.storyboard */ = {
			isa = PBXVariantGroup;
			children = (
				D5CDEB472206B315008A14DF /* Base */,
			);
			name = Main.storyboard;
			sourceTree = "<group>";
		};
		D5CDEB4B2206B318008A14DF /* LaunchScreen.storyboard */ = {
			isa = PBXVariantGroup;
			children = (
				D5CDEB4C2206B318008A14DF /* Base */,
			);
			name = LaunchScreen.storyboard;
			sourceTree = "<group>";
		};
/* End PBXVariantGroup section */

/* Begin XCBuildConfiguration section */
		D5CDEB652206B318008A14DF /* Debug */ = {
			isa = XCBuildConfiguration;
			buildSettings = {
				ALWAYS_SEARCH_USER_PATHS = NO;
				CLANG_ANALYZER_NONNULL = YES;
				CLANG_ANALYZER_NUMBER_OBJECT_CONVERSION = YES_AGGRESSIVE;
				CLANG_CXX_LANGUAGE_STANDARD = "gnu++14";
				CLANG_CXX_LIBRARY = "libc++";
				CLANG_ENABLE_MODULES = YES;
				CLANG_ENABLE_OBJC_ARC = YES;
				CLANG_ENABLE_OBJC_WEAK = YES;
				CLANG_WARN_BLOCK_CAPTURE_AUTORELEASING = YES;
				CLANG_WARN_BOOL_CONVERSION = YES;
				CLANG_WARN_COMMA = YES;
				CLANG_WARN_CONSTANT_CONVERSION = YES;
				CLANG_WARN_DEPRECATED_OBJC_IMPLEMENTATIONS = YES;
				CLANG_WARN_DIRECT_OBJC_ISA_USAGE = YES_ERROR;
				CLANG_WARN_DOCUMENTATION_COMMENTS = YES;
				CLANG_WARN_EMPTY_BODY = YES;
				CLANG_WARN_ENUM_CONVERSION = YES;
				CLANG_WARN_INFINITE_RECURSION = YES;
				CLANG_WARN_INT_CONVERSION = YES;
				CLANG_WARN_NON_LITERAL_NULL_CONVERSION = YES;
				CLANG_WARN_OBJC_IMPLICIT_RETAIN_SELF = YES;
				CLANG_WARN_OBJC_LITERAL_CONVERSION = YES;
				CLANG_WARN_OBJC_ROOT_CLASS = YES_ERROR;
				CLANG_WARN_RANGE_LOOP_ANALYSIS = YES;
				CLANG_WARN_STRICT_PROTOTYPES = YES;
				CLANG_WARN_SUSPICIOUS_MOVE = YES;
				CLANG_WARN_UNGUARDED_AVAILABILITY = YES_AGGRESSIVE;
				CLANG_WARN_UNREACHABLE_CODE = YES;
				CLANG_WARN__DUPLICATE_METHOD_MATCH = YES;
				CODE_SIGN_IDENTITY = "iPhone Developer";
				COPY_PHASE_STRIP = NO;
				DEBUG_INFORMATION_FORMAT = dwarf;
				ENABLE_STRICT_OBJC_MSGSEND = YES;
				ENABLE_TESTABILITY = YES;
				GCC_C_LANGUAGE_STANDARD = gnu11;
				GCC_DYNAMIC_NO_PIC = NO;
				GCC_NO_COMMON_BLOCKS = YES;
				GCC_OPTIMIZATION_LEVEL = 0;
				GCC_PREPROCESSOR_DEFINITIONS = (
					"DEBUG=1",
					"$(inherited)",
				);
				GCC_WARN_64_TO_32_BIT_CONVERSION = YES;
				GCC_WARN_ABOUT_RETURN_TYPE = YES_ERROR;
				GCC_WARN_UNDECLARED_SELECTOR = YES;
				GCC_WARN_UNINITIALIZED_AUTOS = YES_AGGRESSIVE;
				GCC_WARN_UNUSED_FUNCTION = YES;
				GCC_WARN_UNUSED_VARIABLE = YES;
				IPHONEOS_DEPLOYMENT_TARGET = 12.1;
				MTL_ENABLE_DEBUG_INFO = INCLUDE_SOURCE;
				MTL_FAST_MATH = YES;
				ONLY_ACTIVE_ARCH = YES;
				SDKROOT = iphoneos;
				SWIFT_ACTIVE_COMPILATION_CONDITIONS = DEBUG;
				SWIFT_OPTIMIZATION_LEVEL = "-Onone";
			};
			name = Debug;
		};
		D5CDEB662206B318008A14DF /* Release */ = {
			isa = XCBuildConfiguration;
			buildSettings = {
				ALWAYS_SEARCH_USER_PATHS = NO;
				CLANG_ANALYZER_NONNULL = YES;
				CLANG_ANALYZER_NUMBER_OBJECT_CONVERSION = YES_AGGRESSIVE;
				CLANG_CXX_LANGUAGE_STANDARD = "gnu++14";
				CLANG_CXX_LIBRARY = "libc++";
				CLANG_ENABLE_MODULES = YES;
				CLANG_ENABLE_OBJC_ARC = YES;
				CLANG_ENABLE_OBJC_WEAK = YES;
				CLANG_WARN_BLOCK_CAPTURE_AUTORELEASING = YES;
				CLANG_WARN_BOOL_CONVERSION = YES;
				CLANG_WARN_COMMA = YES;
				CLANG_WARN_CONSTANT_CONVERSION = YES;
				CLANG_WARN_DEPRECATED_OBJC_IMPLEMENTATIONS = YES;
				CLANG_WARN_DIRECT_OBJC_ISA_USAGE = YES_ERROR;
				CLANG_WARN_DOCUMENTATION_COMMENTS = YES;
				CLANG_WARN_EMPTY_BODY = YES;
				CLANG_WARN_ENUM_CONVERSION = YES;
				CLANG_WARN_INFINITE_RECURSION = YES;
				CLANG_WARN_INT_CONVERSION = YES;
				CLANG_WARN_NON_LITERAL_NULL_CONVERSION = YES;
				CLANG_WARN_OBJC_IMPLICIT_RETAIN_SELF = YES;
				CLANG_WARN_OBJC_LITERAL_CONVERSION = YES;
				CLANG_WARN_OBJC_ROOT_CLASS = YES_ERROR;
				CLANG_WARN_RANGE_LOOP_ANALYSIS = YES;
				CLANG_WARN_STRICT_PROTOTYPES = YES;
				CLANG_WARN_SUSPICIOUS_MOVE = YES;
				CLANG_WARN_UNGUARDED_AVAILABILITY = YES_AGGRESSIVE;
				CLANG_WARN_UNREACHABLE_CODE = YES;
				CLANG_WARN__DUPLICATE_METHOD_MATCH = YES;
				CODE_SIGN_IDENTITY = "iPhone Developer";
				COPY_PHASE_STRIP = NO;
				DEBUG_INFORMATION_FORMAT = "dwarf-with-dsym";
				ENABLE_NS_ASSERTIONS = NO;
				ENABLE_STRICT_OBJC_MSGSEND = YES;
				GCC_C_LANGUAGE_STANDARD = gnu11;
				GCC_NO_COMMON_BLOCKS = YES;
				GCC_WARN_64_TO_32_BIT_CONVERSION = YES;
				GCC_WARN_ABOUT_RETURN_TYPE = YES_ERROR;
				GCC_WARN_UNDECLARED_SELECTOR = YES;
				GCC_WARN_UNINITIALIZED_AUTOS = YES_AGGRESSIVE;
				GCC_WARN_UNUSED_FUNCTION = YES;
				GCC_WARN_UNUSED_VARIABLE = YES;
				IPHONEOS_DEPLOYMENT_TARGET = 12.1;
				MTL_ENABLE_DEBUG_INFO = NO;
				MTL_FAST_MATH = YES;
				SDKROOT = iphoneos;
				SWIFT_COMPILATION_MODE = wholemodule;
				SWIFT_OPTIMIZATION_LEVEL = "-O";
				VALIDATE_PRODUCT = YES;
			};
			name = Release;
		};
		D5CDEB682206B318008A14DF /* Debug */ = {
			isa = XCBuildConfiguration;
			baseConfigurationReference = 884ACF0DE242DB56C290C09E /* Pods-RxReader.debug.xcconfig */;
			buildSettings = {
				ASSETCATALOG_COMPILER_APPICON_NAME = AppIcon;
				CODE_SIGN_STYLE = Automatic;
				DEVELOPMENT_TEAM = 52WQ3ZUQUP;
				INFOPLIST_FILE = RxReader/Info.plist;
				LD_RUNPATH_SEARCH_PATHS = (
					"$(inherited)",
					"@executable_path/Frameworks",
				);
				PRODUCT_BUNDLE_IDENTIFIER = "jp.summer-inc.info.RxReader";
				PRODUCT_NAME = "$(TARGET_NAME)";
				SWIFT_VERSION = 4.2;
				TARGETED_DEVICE_FAMILY = "1,2";
			};
			name = Debug;
		};
		D5CDEB692206B318008A14DF /* Release */ = {
			isa = XCBuildConfiguration;
			baseConfigurationReference = FFC9051B9AAD56360AFEB0C3 /* Pods-RxReader.release.xcconfig */;
			buildSettings = {
				ASSETCATALOG_COMPILER_APPICON_NAME = AppIcon;
				CODE_SIGN_STYLE = Automatic;
				DEVELOPMENT_TEAM = 52WQ3ZUQUP;
				INFOPLIST_FILE = RxReader/Info.plist;
				LD_RUNPATH_SEARCH_PATHS = (
					"$(inherited)",
					"@executable_path/Frameworks",
				);
				PRODUCT_BUNDLE_IDENTIFIER = "jp.summer-inc.info.RxReader";
				PRODUCT_NAME = "$(TARGET_NAME)";
				SWIFT_VERSION = 4.2;
				TARGETED_DEVICE_FAMILY = "1,2";
			};
			name = Release;
		};
		D5CDEB6B2206B318008A14DF /* Debug */ = {
			isa = XCBuildConfiguration;
			baseConfigurationReference = 29DA8D087D27069DDBB4B5ED /* Pods-RxReaderTests.debug.xcconfig */;
			buildSettings = {
				ALWAYS_EMBED_SWIFT_STANDARD_LIBRARIES = YES;
				BUNDLE_LOADER = "$(TEST_HOST)";
				CODE_SIGN_STYLE = Automatic;
				DEVELOPMENT_TEAM = 52WQ3ZUQUP;
				INFOPLIST_FILE = RxReaderTests/Info.plist;
				LD_RUNPATH_SEARCH_PATHS = (
					"$(inherited)",
					"@executable_path/Frameworks",
					"@loader_path/Frameworks",
				);
				PRODUCT_BUNDLE_IDENTIFIER = "jp.summer-inc.info.RxReaderTests";
				PRODUCT_NAME = "$(TARGET_NAME)";
				SWIFT_VERSION = 4.2;
				TARGETED_DEVICE_FAMILY = "1,2";
				TEST_HOST = "$(BUILT_PRODUCTS_DIR)/RxReader.app/RxReader";
			};
			name = Debug;
		};
		D5CDEB6C2206B318008A14DF /* Release */ = {
			isa = XCBuildConfiguration;
			baseConfigurationReference = 0102EB06A6E82CC55C1BD37A /* Pods-RxReaderTests.release.xcconfig */;
			buildSettings = {
				ALWAYS_EMBED_SWIFT_STANDARD_LIBRARIES = YES;
				BUNDLE_LOADER = "$(TEST_HOST)";
				CODE_SIGN_STYLE = Automatic;
				DEVELOPMENT_TEAM = 52WQ3ZUQUP;
				INFOPLIST_FILE = RxReaderTests/Info.plist;
				LD_RUNPATH_SEARCH_PATHS = (
					"$(inherited)",
					"@executable_path/Frameworks",
					"@loader_path/Frameworks",
				);
				PRODUCT_BUNDLE_IDENTIFIER = "jp.summer-inc.info.RxReaderTests";
				PRODUCT_NAME = "$(TARGET_NAME)";
				SWIFT_VERSION = 4.2;
				TARGETED_DEVICE_FAMILY = "1,2";
				TEST_HOST = "$(BUILT_PRODUCTS_DIR)/RxReader.app/RxReader";
			};
			name = Release;
		};
		D5CDEB6E2206B318008A14DF /* Debug */ = {
			isa = XCBuildConfiguration;
			baseConfigurationReference = A0322352A52673D8A2F38243 /* Pods-RxReaderUITests.debug.xcconfig */;
			buildSettings = {
				ALWAYS_EMBED_SWIFT_STANDARD_LIBRARIES = YES;
				CODE_SIGN_STYLE = Automatic;
				DEVELOPMENT_TEAM = 52WQ3ZUQUP;
				INFOPLIST_FILE = RxReaderUITests/Info.plist;
				LD_RUNPATH_SEARCH_PATHS = (
					"$(inherited)",
					"@executable_path/Frameworks",
					"@loader_path/Frameworks",
				);
				PRODUCT_BUNDLE_IDENTIFIER = "jp.summer-inc.info.RxReaderUITests";
				PRODUCT_NAME = "$(TARGET_NAME)";
				SWIFT_VERSION = 4.2;
				TARGETED_DEVICE_FAMILY = "1,2";
				TEST_TARGET_NAME = RxReader;
			};
			name = Debug;
		};
		D5CDEB6F2206B318008A14DF /* Release */ = {
			isa = XCBuildConfiguration;
			baseConfigurationReference = DC571A13F350CEB176389704 /* Pods-RxReaderUITests.release.xcconfig */;
			buildSettings = {
				ALWAYS_EMBED_SWIFT_STANDARD_LIBRARIES = YES;
				CODE_SIGN_STYLE = Automatic;
				DEVELOPMENT_TEAM = 52WQ3ZUQUP;
				INFOPLIST_FILE = RxReaderUITests/Info.plist;
				LD_RUNPATH_SEARCH_PATHS = (
					"$(inherited)",
					"@executable_path/Frameworks",
					"@loader_path/Frameworks",
				);
				PRODUCT_BUNDLE_IDENTIFIER = "jp.summer-inc.info.RxReaderUITests";
				PRODUCT_NAME = "$(TARGET_NAME)";
				SWIFT_VERSION = 4.2;
				TARGETED_DEVICE_FAMILY = "1,2";
				TEST_TARGET_NAME = RxReader;
			};
			name = Release;
		};
/* End XCBuildConfiguration section */

/* Begin XCConfigurationList section */
		D5CDEB3A2206B315008A14DF /* Build configuration list for PBXProject "RxReader" */ = {
			isa = XCConfigurationList;
			buildConfigurations = (
				D5CDEB652206B318008A14DF /* Debug */,
				D5CDEB662206B318008A14DF /* Release */,
			);
			defaultConfigurationIsVisible = 0;
			defaultConfigurationName = Release;
		};
		D5CDEB672206B318008A14DF /* Build configuration list for PBXNativeTarget "RxReader" */ = {
			isa = XCConfigurationList;
			buildConfigurations = (
				D5CDEB682206B318008A14DF /* Debug */,
				D5CDEB692206B318008A14DF /* Release */,
			);
			defaultConfigurationIsVisible = 0;
			defaultConfigurationName = Release;
		};
		D5CDEB6A2206B318008A14DF /* Build configuration list for PBXNativeTarget "RxReaderTests" */ = {
			isa = XCConfigurationList;
			buildConfigurations = (
				D5CDEB6B2206B318008A14DF /* Debug */,
				D5CDEB6C2206B318008A14DF /* Release */,
			);
			defaultConfigurationIsVisible = 0;
			defaultConfigurationName = Release;
		};
		D5CDEB6D2206B318008A14DF /* Build configuration list for PBXNativeTarget "RxReaderUITests" */ = {
			isa = XCConfigurationList;
			buildConfigurations = (
				D5CDEB6E2206B318008A14DF /* Debug */,
				D5CDEB6F2206B318008A14DF /* Release */,
			);
			defaultConfigurationIsVisible = 0;
			defaultConfigurationName = Release;
		};
/* End XCConfigurationList section */
	};
	rootObject = D5CDEB372206B315008A14DF /* Project object */;
}
